
Microsoft Visual Studio Solution File, Format Version 12.00
# Visual Studio Version 17
VisualStudioVersion = 17.2.32616.157
MinimumVisualStudioVersion = 10.0.40219.1
Project("{9A19103F-16F7-4668-BE54-9A1E7A4F7556}") = "Doors", "Windows 0\Doors.csproj", "{1FB32C39-4463-47B1-9738-B5F9297AC371}"
EndProject
Project("{9A19103F-16F7-4668-BE54-9A1E7A4F7556}") = "Updater", "WinFormsApp1\Updater.csproj", "{35D4285D-9C0D-4197-A3AE-34DBEC65FAFC}"
EndProject
Project("{FAE04EC0-301F-11D3-BF4B-00C04F79EFBC}") = "Browser", "Browser\Browser.csproj", "{8405A28F-F855-45E4-9E1C-50B9703994DE}"
EndProject
Project("{9A19103F-16F7-4668-BE54-9A1E7A4F7556}") = "Console", "Console\Console.csproj", "{DB30E53D-53EA-4715-B364-4801F8BBC269}"
EndProject
Project("{9A19103F-16F7-4668-BE54-9A1E7A4F7556}") = "MineSweeper", "MineSweeper\MineSweeper.csproj", "{D0E749B7-BDE0-4A38-AC5D-5A213521145A}"
EndProject
Project("{2150E333-8FDC-42A3-9474-1A3956D46DE8}") = "Solution Items", "Solution Items", "{797F845A-9BAF-40B1-9DEE-7C57E8145699}"
	ProjectSection(SolutionItems) = preProject
		MyVoids.cs = MyVoids.cs
	EndProjectSection
EndProject
Project("{FAE04EC0-301F-11D3-BF4B-00C04F79EFBC}") = "WindowsFormsApp1", "WindowsFormsApp1\WindowsFormsApp1.csproj", "{F78C9375-A11D-45DC-8439-BD97458009A9}"
EndProject
Project("{FAE04EC0-301F-11D3-BF4B-00C04F79EFBC}") = "DoorsBeta", "..\..\DoorsBeta\DoorsBeta.csproj", "{FEB12D47-AD85-47B5-BA67-3DF1C6FBFB3F}"
EndProject
Global
	GlobalSection(SolutionConfigurationPlatforms) = preSolution
		Debug|Any CPU = Debug|Any CPU
		Release|Any CPU = Release|Any CPU
	EndGlobalSection
	GlobalSection(ProjectConfigurationPlatforms) = postSolution
		{1FB32C39-4463-47B1-9738-B5F9297AC371}.Debug|Any CPU.ActiveCfg = Debug|Any CPU
		{1FB32C39-4463-47B1-9738-B5F9297AC371}.Debug|Any CPU.Build.0 = Debug|Any CPU
		{1FB32C39-4463-47B1-9738-B5F9297AC371}.Release|Any CPU.ActiveCfg = Release|Any CPU
		{1FB32C39-4463-47B1-9738-B5F9297AC371}.Release|Any CPU.Build.0 = Release|Any CPU
		{35D4285D-9C0D-4197-A3AE-34DBEC65FAFC}.Debug|Any CPU.ActiveCfg = Debug|Any CPU
		{35D4285D-9C0D-4197-A3AE-34DBEC65FAFC}.Debug|Any CPU.Build.0 = Debug|Any CPU
		{35D4285D-9C0D-4197-A3AE-34DBEC65FAFC}.Release|Any CPU.ActiveCfg = Release|Any CPU
		{35D4285D-9C0D-4197-A3AE-34DBEC65FAFC}.Release|Any CPU.Build.0 = Release|Any CPU
		{8405A28F-F855-45E4-9E1C-50B9703994DE}.Debug|Any CPU.ActiveCfg = Debug|Any CPU
		{8405A28F-F855-45E4-9E1C-50B9703994DE}.Debug|Any CPU.Build.0 = Debug|Any CPU
		{8405A28F-F855-45E4-9E1C-50B9703994DE}.Release|Any CPU.ActiveCfg = Release|Any CPU
		{8405A28F-F855-45E4-9E1C-50B9703994DE}.Release|Any CPU.Build.0 = Release|Any CPU
		{DB30E53D-53EA-4715-B364-4801F8BBC269}.Debug|Any CPU.ActiveCfg = Debug|Any CPU
		{DB30E53D-53EA-4715-B364-4801F8BBC269}.Debug|Any CPU.Build.0 = Debug|Any CPU
		{DB30E53D-53EA-4715-B364-4801F8BBC269}.Release|Any CPU.ActiveCfg = Release|Any CPU
		{DB30E53D-53EA-4715-B364-4801F8BBC269}.Release|Any CPU.Build.0 = Release|Any CPU
		{D0E749B7-BDE0-4A38-AC5D-5A213521145A}.Debug|Any CPU.ActiveCfg = Debug|Any CPU
		{D0E749B7-BDE0-4A38-AC5D-5A213521145A}.Debug|Any CPU.Build.0 = Debug|Any CPU
		{D0E749B7-BDE0-4A38-AC5D-5A213521145A}.Release|Any CPU.ActiveCfg = Release|Any CPU
		{D0E749B7-BDE0-4A38-AC5D-5A213521145A}.Release|Any CPU.Build.0 = Release|Any CPU
		{F78C9375-A11D-45DC-8439-BD97458009A9}.Debug|Any CPU.ActiveCfg = Debug|Any CPU
		{F78C9375-A11D-45DC-8439-BD97458009A9}.Debug|Any CPU.Build.0 = Debug|Any CPU
		{F78C9375-A11D-45DC-8439-BD97458009A9}.Release|Any CPU.ActiveCfg = Release|Any CPU
		{F78C9375-A11D-45DC-8439-BD97458009A9}.Release|Any CPU.Build.0 = Release|Any CPU
		{FEB12D47-AD85-47B5-BA67-3DF1C6FBFB3F}.Debug|Any CPU.ActiveCfg = Debug|Any CPU
		{FEB12D47-AD85-47B5-BA67-3DF1C6FBFB3F}.Debug|Any CPU.Build.0 = Debug|Any CPU
		{FEB12D47-AD85-47B5-BA67-3DF1C6FBFB3F}.Release|Any CPU.ActiveCfg = Release|Any CPU
		{FEB12D47-AD85-47B5-BA67-3DF1C6FBFB3F}.Release|Any CPU.Build.0 = Release|Any CPU
	EndGlobalSection
	GlobalSection(SolutionProperties) = preSolution
		HideSolutionNode = FALSE
	EndGlobalSection
	GlobalSection(ExtensibilityGlobals) = postSolution
		SolutionGuid = {88477C1B-4CC3-4A8A-AD09-1F825D2B451E}
	EndGlobalSection
EndGlobal
